
Microsoft Visual Studio Solution File, Format Version 12.00
# Visual Studio Version 17
VisualStudioVersion = 17.14.36603.0 d17.14
MinimumVisualStudioVersion = 10.0.40219.1
Project("{FAE04EC0-301F-11D3-BF4B-00C04F79EFBC}") = "MeuWebApp", "MeuWebApp\MeuWebApp.csproj", "{0AB67C4A-2FCD-4DAF-B855-9A705FBC4C06}"
EndProject
Global
	GlobalSection(SolutionConfigurationPlatforms) = preSolution
		Debug|Any CPU = Debug|Any CPU
		Release|Any CPU = Release|Any CPU
	EndGlobalSection
	GlobalSection(ProjectConfigurationPlatforms) = postSolution
		{0AB67C4A-2FCD-4DAF-B855-9A705FBC4C06}.Debug|Any CPU.ActiveCfg = Debug|Any CPU
		{0AB67C4A-2FCD-4DAF-B855-9A705FBC4C06}.Debug|Any CPU.Build.0 = Debug|Any CPU
		{0AB67C4A-2FCD-4DAF-B855-9A705FBC4C06}.Release|Any CPU.ActiveCfg = Release|Any CPU
		{0AB67C4A-2FCD-4DAF-B855-9A705FBC4C06}.Release|Any CPU.Build.0 = Release|Any CPU
	EndGlobalSection
	GlobalSection(SolutionProperties) = preSolution
		HideSolutionNode = FALSE
	EndGlobalSection
	GlobalSection(ExtensibilityGlobals) = postSolution
		SolutionGuid = {89CC63E1-406E-47DA-9C2E-CD7672DA7566}
	EndGlobalSection
EndGlobal
